
Microsoft Visual Studio Solution File, Format Version 12.00
# Visual Studio Version 17
VisualStudioVersion = 17.10.34928.147
MinimumVisualStudioVersion = 10.0.40219.1
Project("{9A19103F-16F7-4668-BE54-9A1E7A4F7556}") = "Alis4Ops2024.Web", "Alis4Ops2024.Web\Alis4Ops2024.Web.csproj", "{7E251DDC-BC16-4972-B6B4-1E96E67CAED7}"
EndProject
Global
	GlobalSection(SolutionConfigurationPlatforms) = preSolution
		Debug|Any CPU = Debug|Any CPU
		Release|Any CPU = Release|Any CPU
	EndGlobalSection
	GlobalSection(ProjectConfigurationPlatforms) = postSolution
		{7E251DDC-BC16-4972-B6B4-1E96E67CAED7}.Debug|Any CPU.ActiveCfg = Debug|Any CPU
		{7E251DDC-BC16-4972-B6B4-1E96E67CAED7}.Debug|Any CPU.Build.0 = Debug|Any CPU
		{7E251DDC-BC16-4972-B6B4-1E96E67CAED7}.Release|Any CPU.ActiveCfg = Release|Any CPU
		{7E251DDC-BC16-4972-B6B4-1E96E67CAED7}.Release|Any CPU.Build.0 = Release|Any CPU
	EndGlobalSection
	GlobalSection(SolutionProperties) = preSolution
		HideSolutionNode = FALSE
	EndGlobalSection
	GlobalSection(ExtensibilityGlobals) = postSolution
		SolutionGuid = {8EB8E792-96CC-4AB2-9746-FEABE04D169C}
	EndGlobalSection
EndGlobal
